
Microsoft Visual Studio Solution File, Format Version 12.00
# Visual Studio Version 16
VisualStudioVersion = 16.0.30309.148
MinimumVisualStudioVersion = 10.0.40219.1
Project("{2150E333-8FDC-42A3-9474-1A3956D46DE8}") = "src", "src", "{C44F11EA-AECC-49B3-960A-A93EDB2DD1E1}"
EndProject
Project("{2150E333-8FDC-42A3-9474-1A3956D46DE8}") = "tests", "tests", "{6BD205E5-9B59-4C7E-B9E0-E1931C7DD168}"
EndProject
Project("{2150E333-8FDC-42A3-9474-1A3956D46DE8}") = "Presentation", "Presentation", "{808D418D-BEFB-45C7-B784-F83D0A1E1B4D}"
EndProject
Project("{2150E333-8FDC-42A3-9474-1A3956D46DE8}") = "Services", "Services", "{CA4E45E0-EBB4-49B0-B236-9912EFE44219}"
EndProject
Project("{2150E333-8FDC-42A3-9474-1A3956D46DE8}") = "DataAccess", "DataAccess", "{B12583D2-1BCD-4C02-A3BB-8B36B8FE9794}"
EndProject
Project("{2150E333-8FDC-42A3-9474-1A3956D46DE8}") = "Shared", "Shared", "{FA43573B-76FA-4E38-B98B-D8FC3871E20C}"
EndProject
Project("{9A19103F-16F7-4668-BE54-9A1E7A4F7556}") = "Model", "src\Shared\Model\Model.csproj", "{09EE2C95-DC1C-4884-972D-EB8B73DB13C7}"
EndProject
Project("{9A19103F-16F7-4668-BE54-9A1E7A4F7556}") = "DAL.Interfaces", "src\DataAccess\DAL.Interfaces\DAL.Interfaces.csproj", "{9CEA0354-DEA1-4E2C-8172-0F918B499C2F}"
EndProject
Project("{9A19103F-16F7-4668-BE54-9A1E7A4F7556}") = "DAL.Implementation.EF", "src\DataAccess\DAL.Implementation.EF\DAL.Implementation.EF.csproj", "{333533BE-8886-46C2-8A8A-C4B0448636B2}"
EndProject
Project("{9A19103F-16F7-4668-BE54-9A1E7A4F7556}") = "DAL.Configuration", "src\DataAccess\DAL.Configuration\DAL.Configuration.csproj", "{DE46DA29-5E08-4279-8A66-4615CEF02816}"
EndProject
Project("{2150E333-8FDC-42A3-9474-1A3956D46DE8}") = "DataAccess", "DataAccess", "{07E8D338-4837-46B4-A741-B16073240B43}"
EndProject
Project("{9A19103F-16F7-4668-BE54-9A1E7A4F7556}") = "DAL.Implementation.EF.Tests", "tests\DataAccess\DAL.Implementation.EF.Tests\DAL.Implementation.EF.Tests.csproj", "{94C80A85-0A01-471E-A093-337D3BE3DC74}"
EndProject
Project("{9A19103F-16F7-4668-BE54-9A1E7A4F7556}") = "BLL.Implementation", "src\Services\BLL.Implementation\BLL.Implementation.csproj", "{7E6EDB54-8DD8-4ED1-93B5-606AAA0CFBC8}"
EndProject
Project("{9A19103F-16F7-4668-BE54-9A1E7A4F7556}") = "BLL.Configuration", "src\Services\BLL.Configuration\BLL.Configuration.csproj", "{13725059-FDC7-440C-9661-50400CE4B212}"
EndProject
Project("{9A19103F-16F7-4668-BE54-9A1E7A4F7556}") = "BLL.Interfaces", "src\Services\BLL.Interfaces\BLL.Interfaces.csproj", "{E24EBE90-1442-4CCF-80BB-A1B9C204523B}"
EndProject
Project("{2150E333-8FDC-42A3-9474-1A3956D46DE8}") = "Services", "Services", "{902BCA35-6AA2-40E8-8C2A-8084135CA5E0}"
EndProject
Project("{9A19103F-16F7-4668-BE54-9A1E7A4F7556}") = "BLL.Implementation.Tests", "tests\Services\BLL.Implementation.Tests\BLL.Implementation.Tests.csproj", "{663F7043-3199-4354-BA41-96609643875B}"
EndProject
Project("{9A19103F-16F7-4668-BE54-9A1E7A4F7556}") = "WebUI", "src\Presentation\WebUI\WebUI.csproj", "{9F35891E-3AE6-4E34-9266-96B6A5259E6B}"
EndProject
Project("{2150E333-8FDC-42A3-9474-1A3956D46DE8}") = "Presentation", "Presentation", "{57AD8C1E-8CD9-4C68-9ED2-DA91B592F9BF}"
EndProject
Project("{9A19103F-16F7-4668-BE54-9A1E7A4F7556}") = "WebUI.Tests", "tests\Presentation\WebUI.Tests\WebUI.Tests.csproj", "{D37DAB05-342A-41D1-8F9C-94368D3C656B}"
EndProject
Project("{E53339B2-1760-4266-BCC7-CA923CBCF16C}") = "docker-compose", "docker-compose.dcproj", "{2753009C-A571-49C0-AE04-9EA68D5EAEFF}"
EndProject
Global
	GlobalSection(SolutionConfigurationPlatforms) = preSolution
		Debug|Any CPU = Debug|Any CPU
		Release|Any CPU = Release|Any CPU
	EndGlobalSection
	GlobalSection(ProjectConfigurationPlatforms) = postSolution
		{09EE2C95-DC1C-4884-972D-EB8B73DB13C7}.Debug|Any CPU.ActiveCfg = Debug|Any CPU
		{09EE2C95-DC1C-4884-972D-EB8B73DB13C7}.Debug|Any CPU.Build.0 = Debug|Any CPU
		{09EE2C95-DC1C-4884-972D-EB8B73DB13C7}.Release|Any CPU.ActiveCfg = Release|Any CPU
		{09EE2C95-DC1C-4884-972D-EB8B73DB13C7}.Release|Any CPU.Build.0 = Release|Any CPU
		{9CEA0354-DEA1-4E2C-8172-0F918B499C2F}.Debug|Any CPU.ActiveCfg = Debug|Any CPU
		{9CEA0354-DEA1-4E2C-8172-0F918B499C2F}.Debug|Any CPU.Build.0 = Debug|Any CPU
		{9CEA0354-DEA1-4E2C-8172-0F918B499C2F}.Release|Any CPU.ActiveCfg = Release|Any CPU
		{9CEA0354-DEA1-4E2C-8172-0F918B499C2F}.Release|Any CPU.Build.0 = Release|Any CPU
		{333533BE-8886-46C2-8A8A-C4B0448636B2}.Debug|Any CPU.ActiveCfg = Debug|Any CPU
		{333533BE-8886-46C2-8A8A-C4B0448636B2}.Debug|Any CPU.Build.0 = Debug|Any CPU
		{333533BE-8886-46C2-8A8A-C4B0448636B2}.Release|Any CPU.ActiveCfg = Release|Any CPU
		{333533BE-8886-46C2-8A8A-C4B0448636B2}.Release|Any CPU.Build.0 = Release|Any CPU
		{DE46DA29-5E08-4279-8A66-4615CEF02816}.Debug|Any CPU.ActiveCfg = Debug|Any CPU
		{DE46DA29-5E08-4279-8A66-4615CEF02816}.Debug|Any CPU.Build.0 = Debug|Any CPU
		{DE46DA29-5E08-4279-8A66-4615CEF02816}.Release|Any CPU.ActiveCfg = Release|Any CPU
		{DE46DA29-5E08-4279-8A66-4615CEF02816}.Release|Any CPU.Build.0 = Release|Any CPU
		{94C80A85-0A01-471E-A093-337D3BE3DC74}.Debug|Any CPU.ActiveCfg = Debug|Any CPU
		{94C80A85-0A01-471E-A093-337D3BE3DC74}.Debug|Any CPU.Build.0 = Debug|Any CPU
		{94C80A85-0A01-471E-A093-337D3BE3DC74}.Release|Any CPU.ActiveCfg = Release|Any CPU
		{94C80A85-0A01-471E-A093-337D3BE3DC74}.Release|Any CPU.Build.0 = Release|Any CPU
		{7E6EDB54-8DD8-4ED1-93B5-606AAA0CFBC8}.Debug|Any CPU.ActiveCfg = Debug|Any CPU
		{7E6EDB54-8DD8-4ED1-93B5-606AAA0CFBC8}.Debug|Any CPU.Build.0 = Debug|Any CPU
		{7E6EDB54-8DD8-4ED1-93B5-606AAA0CFBC8}.Release|Any CPU.ActiveCfg = Release|Any CPU
		{7E6EDB54-8DD8-4ED1-93B5-606AAA0CFBC8}.Release|Any CPU.Build.0 = Release|Any CPU
		{13725059-FDC7-440C-9661-50400CE4B212}.Debug|Any CPU.ActiveCfg = Debug|Any CPU
		{13725059-FDC7-440C-9661-50400CE4B212}.Debug|Any CPU.Build.0 = Debug|Any CPU
		{13725059-FDC7-440C-9661-50400CE4B212}.Release|Any CPU.ActiveCfg = Release|Any CPU
		{13725059-FDC7-440C-9661-50400CE4B212}.Release|Any CPU.Build.0 = Release|Any CPU
		{E24EBE90-1442-4CCF-80BB-A1B9C204523B}.Debug|Any CPU.ActiveCfg = Debug|Any CPU
		{E24EBE90-1442-4CCF-80BB-A1B9C204523B}.Debug|Any CPU.Build.0 = Debug|Any CPU
		{E24EBE90-1442-4CCF-80BB-A1B9C204523B}.Release|Any CPU.ActiveCfg = Release|Any CPU
		{E24EBE90-1442-4CCF-80BB-A1B9C204523B}.Release|Any CPU.Build.0 = Release|Any CPU
		{663F7043-3199-4354-BA41-96609643875B}.Debug|Any CPU.ActiveCfg = Debug|Any CPU
		{663F7043-3199-4354-BA41-96609643875B}.Debug|Any CPU.Build.0 = Debug|Any CPU
		{663F7043-3199-4354-BA41-96609643875B}.Release|Any CPU.ActiveCfg = Release|Any CPU
		{663F7043-3199-4354-BA41-96609643875B}.Release|Any CPU.Build.0 = Release|Any CPU
		{9F35891E-3AE6-4E34-9266-96B6A5259E6B}.Debug|Any CPU.ActiveCfg = Debug|Any CPU
		{9F35891E-3AE6-4E34-9266-96B6A5259E6B}.Debug|Any CPU.Build.0 = Debug|Any CPU
		{9F35891E-3AE6-4E34-9266-96B6A5259E6B}.Release|Any CPU.ActiveCfg = Release|Any CPU
		{9F35891E-3AE6-4E34-9266-96B6A5259E6B}.Release|Any CPU.Build.0 = Release|Any CPU
		{D37DAB05-342A-41D1-8F9C-94368D3C656B}.Debug|Any CPU.ActiveCfg = Debug|Any CPU
		{D37DAB05-342A-41D1-8F9C-94368D3C656B}.Debug|Any CPU.Build.0 = Debug|Any CPU
		{D37DAB05-342A-41D1-8F9C-94368D3C656B}.Release|Any CPU.ActiveCfg = Release|Any CPU
		{D37DAB05-342A-41D1-8F9C-94368D3C656B}.Release|Any CPU.Build.0 = Release|Any CPU
		{2753009C-A571-49C0-AE04-9EA68D5EAEFF}.Debug|Any CPU.ActiveCfg = Debug|Any CPU
		{2753009C-A571-49C0-AE04-9EA68D5EAEFF}.Debug|Any CPU.Build.0 = Debug|Any CPU
		{2753009C-A571-49C0-AE04-9EA68D5EAEFF}.Release|Any CPU.ActiveCfg = Release|Any CPU
		{2753009C-A571-49C0-AE04-9EA68D5EAEFF}.Release|Any CPU.Build.0 = Release|Any CPU
	EndGlobalSection
	GlobalSection(SolutionProperties) = preSolution
		HideSolutionNode = FALSE
	EndGlobalSection
	GlobalSection(NestedProjects) = preSolution
		{808D418D-BEFB-45C7-B784-F83D0A1E1B4D} = {C44F11EA-AECC-49B3-960A-A93EDB2DD1E1}
		{CA4E45E0-EBB4-49B0-B236-9912EFE44219} = {C44F11EA-AECC-49B3-960A-A93EDB2DD1E1}
		{B12583D2-1BCD-4C02-A3BB-8B36B8FE9794} = {C44F11EA-AECC-49B3-960A-A93EDB2DD1E1}
		{FA43573B-76FA-4E38-B98B-D8FC3871E20C} = {C44F11EA-AECC-49B3-960A-A93EDB2DD1E1}
		{09EE2C95-DC1C-4884-972D-EB8B73DB13C7} = {FA43573B-76FA-4E38-B98B-D8FC3871E20C}
		{9CEA0354-DEA1-4E2C-8172-0F918B499C2F} = {B12583D2-1BCD-4C02-A3BB-8B36B8FE9794}
		{333533BE-8886-46C2-8A8A-C4B0448636B2} = {B12583D2-1BCD-4C02-A3BB-8B36B8FE9794}
		{DE46DA29-5E08-4279-8A66-4615CEF02816} = {B12583D2-1BCD-4C02-A3BB-8B36B8FE9794}
		{07E8D338-4837-46B4-A741-B16073240B43} = {6BD205E5-9B59-4C7E-B9E0-E1931C7DD168}
		{94C80A85-0A01-471E-A093-337D3BE3DC74} = {07E8D338-4837-46B4-A741-B16073240B43}
		{7E6EDB54-8DD8-4ED1-93B5-606AAA0CFBC8} = {CA4E45E0-EBB4-49B0-B236-9912EFE44219}
		{13725059-FDC7-440C-9661-50400CE4B212} = {CA4E45E0-EBB4-49B0-B236-9912EFE44219}
		{E24EBE90-1442-4CCF-80BB-A1B9C204523B} = {CA4E45E0-EBB4-49B0-B236-9912EFE44219}
		{902BCA35-6AA2-40E8-8C2A-8084135CA5E0} = {6BD205E5-9B59-4C7E-B9E0-E1931C7DD168}
		{663F7043-3199-4354-BA41-96609643875B} = {902BCA35-6AA2-40E8-8C2A-8084135CA5E0}
		{9F35891E-3AE6-4E34-9266-96B6A5259E6B} = {808D418D-BEFB-45C7-B784-F83D0A1E1B4D}
		{57AD8C1E-8CD9-4C68-9ED2-DA91B592F9BF} = {6BD205E5-9B59-4C7E-B9E0-E1931C7DD168}
		{D37DAB05-342A-41D1-8F9C-94368D3C656B} = {57AD8C1E-8CD9-4C68-9ED2-DA91B592F9BF}
	EndGlobalSection
	GlobalSection(ExtensibilityGlobals) = postSolution
		SolutionGuid = {D54296A4-C46F-4372-BC89-6E21563E0139}
	EndGlobalSection
EndGlobal
